langcode: en
status: true
dependencies:
  module:
    - sdr_contact
  theme:
    - as
id: as_footerblock
theme: as
region: footer_fifth
weight: -4
provider: null
plugin: footer_block
settings:
  id: footer_block
  label: 'Footer block'
  provider: sdr_contact
  label_display: '0'
  developed_by: 'Developed By EURL ARVODIA'
visibility: {  }
